// !$*UTF8*$!
{
	archiveVersion = 1;
	classes = {
	};
	objectVersion = 46;
	objects = {

/* Begin PBXFileReference section */
		27FD0C0C16FD7028007235D4 /* aheader.h */ = {isa = PBXFileReference; lastKnownFileType = sourcecode.c.h; path = aheader.h; sourceTree = "<group>"; };
/* End PBXFileReference section */

/* Begin PBXGroup section */
		27FD0C0316FD6F9C007235D4 = {
			isa = PBXGroup;
			children = (
				27FD0C0C16FD7028007235D4 /* aheader.h */,
			);
			sourceTree = "<group>";
		};
/* End PBXGroup section */

/* Begin PBXProject section */
		27FD0C0516FD6F9C007235D4 /* Project object */ = {
			isa = PBXProject;
			attributes = {
				LastUpgradeCheck = 0450;
			};
			buildConfigurationList = 27FD0C0816FD6F9C007235D4 /* Build configuration list for PBXProject "gitHubTest" */;
			compatibilityVersion = "Xcode 3.2";
			developmentRegion = English;
			hasScannedForEncodings = 0;
			knownRegions = (
				en,
			);
			mainGroup = 27FD0C0316FD6F9C007235D4;
			projectDirPath = "";
			projectRoot = "";
			targets = (
			);
		};
/* End PBXProject section */

/* Begin XCBuildConfiguration section */
		27FD0C0A16FD6F9C007235D4 /* Debug */ = {
			isa = XCBuildConfiguration;
			buildSettings = {
			};
			name = Debug;
		};
		27FD0C0B16FD6F9C007235D4 /* Release */ = {
			isa = XCBuildConfiguration;
			buildSettings = {
			};
			name = Release;
		};
/* End XCBuildConfiguration section */

/* Begin XCConfigurationList section */
		27FD0C0816FD6F9C007235D4 /* Build configuration list for PBXProject "gitHubTest" */ = {
			isa = XCConfigurationList;
			buildConfigurations = (
				27FD0C0A16FD6F9C007235D4 /* Debug */,
				27FD0C0B16FD6F9C007235D4 /* Release */,
			);
			defaultConfigurationIsVisible = 0;
			defaultConfigurationName = Release;
		};
/* End XCConfigurationList section */
	};
	rootObject = 27FD0C0516FD6F9C007235D4 /* Project object */;
}
